# This file is automatically @generated by Cargo.
# It is not intended for manual editing.
version = 3

[[package]]
name = "ear-algae"
version = "0.1.0"
dependencies = [
 "lerpify",
]

[[package]]
name = "lerpify"
version = "1.0.0"
source = "git+https://github.com/Quelfth/lerpify#f799555b142d7fafb8602c17295a70d12f6a1bab"
